
Microsoft Visual Studio Solution File, Format Version 12.00
# Visual Studio Version 17
VisualStudioVersion = 17.0.32112.339
MinimumVisualStudioVersion = 10.0.40219.1
Project("{2150E333-8FDC-42A3-9474-1A3956D46DE8}") = "Services", "Services", "{3C03B5A8-974E-4174-A581-A9782C7F7465}"
EndProject
Project("{2150E333-8FDC-42A3-9474-1A3956D46DE8}") = "Catalog", "Catalog", "{2C717997-1ABB-4D6D-98C6-A053AA82D3F9}"
EndProject
Project("{9A19103F-16F7-4668-BE54-9A1E7A4F7556}") = "Dolcecuore.Services.Catalog.Api", "Services.Catalog\Dolcecuore.Services.Catalog.Api\Dolcecuore.Services.Catalog.Api.csproj", "{9529B405-20A3-4CD2-933D-7E1FF52E02A9}"
EndProject
Project("{2150E333-8FDC-42A3-9474-1A3956D46DE8}") = "Basket", "Basket", "{3A182B02-611D-4662-B8E4-BFD9DE75A02F}"
EndProject
Project("{9A19103F-16F7-4668-BE54-9A1E7A4F7556}") = "Dolcecuore.Services.Basket.Api", "Services.Basket\Dolcecuore.Services.Basket.Api\Dolcecuore.Services.Basket.Api.csproj", "{EF41119A-A361-4879-AB8F-3FAFAE8AEE18}"
EndProject
Project("{E53339B2-1760-4266-BCC7-CA923CBCF16C}") = "docker-compose", "docker-compose.dcproj", "{555FDFC6-EB02-4080-AC30-D48534CD6803}"
EndProject
Project("{2150E333-8FDC-42A3-9474-1A3956D46DE8}") = "Discount", "Discount", "{048489E2-71D6-48A7-A568-829FAEF28571}"
EndProject
Project("{9A19103F-16F7-4668-BE54-9A1E7A4F7556}") = "Dolcecuore.Services.Discount.Api", "Services.Discount\Dolcecuore.Services.Discount.Api\Dolcecuore.Services.Discount.Api.csproj", "{1A92E311-DAD5-4551-A66D-311F7D00A7FA}"
EndProject
Project("{FAE04EC0-301F-11D3-BF4B-00C04F79EFBC}") = "Dolcecuore.Services.Discount.Grpc", "Services.Discount\Dolcecuore.Services.Discount.Grpc\Dolcecuore.Services.Discount.Grpc.csproj", "{F100BEC9-1CDE-4883-BEFA-E874EA34749A}"
EndProject
Global
	GlobalSection(SolutionConfigurationPlatforms) = preSolution
		Debug|Any CPU = Debug|Any CPU
		Release|Any CPU = Release|Any CPU
	EndGlobalSection
	GlobalSection(ProjectConfigurationPlatforms) = postSolution
		{9529B405-20A3-4CD2-933D-7E1FF52E02A9}.Debug|Any CPU.ActiveCfg = Debug|Any CPU
		{9529B405-20A3-4CD2-933D-7E1FF52E02A9}.Debug|Any CPU.Build.0 = Debug|Any CPU
		{9529B405-20A3-4CD2-933D-7E1FF52E02A9}.Release|Any CPU.ActiveCfg = Release|Any CPU
		{9529B405-20A3-4CD2-933D-7E1FF52E02A9}.Release|Any CPU.Build.0 = Release|Any CPU
		{EF41119A-A361-4879-AB8F-3FAFAE8AEE18}.Debug|Any CPU.ActiveCfg = Debug|Any CPU
		{EF41119A-A361-4879-AB8F-3FAFAE8AEE18}.Debug|Any CPU.Build.0 = Debug|Any CPU
		{EF41119A-A361-4879-AB8F-3FAFAE8AEE18}.Release|Any CPU.ActiveCfg = Release|Any CPU
		{EF41119A-A361-4879-AB8F-3FAFAE8AEE18}.Release|Any CPU.Build.0 = Release|Any CPU
		{555FDFC6-EB02-4080-AC30-D48534CD6803}.Debug|Any CPU.ActiveCfg = Debug|Any CPU
		{555FDFC6-EB02-4080-AC30-D48534CD6803}.Debug|Any CPU.Build.0 = Debug|Any CPU
		{555FDFC6-EB02-4080-AC30-D48534CD6803}.Release|Any CPU.ActiveCfg = Release|Any CPU
		{555FDFC6-EB02-4080-AC30-D48534CD6803}.Release|Any CPU.Build.0 = Release|Any CPU
		{1A92E311-DAD5-4551-A66D-311F7D00A7FA}.Debug|Any CPU.ActiveCfg = Debug|Any CPU
		{1A92E311-DAD5-4551-A66D-311F7D00A7FA}.Debug|Any CPU.Build.0 = Debug|Any CPU
		{1A92E311-DAD5-4551-A66D-311F7D00A7FA}.Release|Any CPU.ActiveCfg = Release|Any CPU
		{1A92E311-DAD5-4551-A66D-311F7D00A7FA}.Release|Any CPU.Build.0 = Release|Any CPU
		{F100BEC9-1CDE-4883-BEFA-E874EA34749A}.Debug|Any CPU.ActiveCfg = Debug|Any CPU
		{F100BEC9-1CDE-4883-BEFA-E874EA34749A}.Debug|Any CPU.Build.0 = Debug|Any CPU
		{F100BEC9-1CDE-4883-BEFA-E874EA34749A}.Release|Any CPU.ActiveCfg = Release|Any CPU
		{F100BEC9-1CDE-4883-BEFA-E874EA34749A}.Release|Any CPU.Build.0 = Release|Any CPU
	EndGlobalSection
	GlobalSection(SolutionProperties) = preSolution
		HideSolutionNode = FALSE
	EndGlobalSection
	GlobalSection(NestedProjects) = preSolution
		{2C717997-1ABB-4D6D-98C6-A053AA82D3F9} = {3C03B5A8-974E-4174-A581-A9782C7F7465}
		{9529B405-20A3-4CD2-933D-7E1FF52E02A9} = {2C717997-1ABB-4D6D-98C6-A053AA82D3F9}
		{3A182B02-611D-4662-B8E4-BFD9DE75A02F} = {3C03B5A8-974E-4174-A581-A9782C7F7465}
		{EF41119A-A361-4879-AB8F-3FAFAE8AEE18} = {3A182B02-611D-4662-B8E4-BFD9DE75A02F}
		{048489E2-71D6-48A7-A568-829FAEF28571} = {3C03B5A8-974E-4174-A581-A9782C7F7465}
		{1A92E311-DAD5-4551-A66D-311F7D00A7FA} = {048489E2-71D6-48A7-A568-829FAEF28571}
		{F100BEC9-1CDE-4883-BEFA-E874EA34749A} = {048489E2-71D6-48A7-A568-829FAEF28571}
	EndGlobalSection
	GlobalSection(ExtensibilityGlobals) = postSolution
		SolutionGuid = {12F365FD-9AB6-4CE8-B864-8485EBEAFD2D}
	EndGlobalSection
EndGlobal
